
Microsoft Visual Studio Solution File, Format Version 12.00
# Visual Studio 16
Project("{FAE04EC0-301F-11D3-BF4B-00C04F79EFBC}") = "Ink-Libraries", "Ink-Libraries.csproj", "{3CC84461-A746-F2CC-0EE6-E9C6553ECF28}"
EndProject
Project("{FAE04EC0-301F-11D3-BF4B-00C04F79EFBC}") = "Assembly-CSharp-firstpass", "Assembly-CSharp-firstpass.csproj", "{42BF933E-87C4-45CD-1793-F56C99D9506F}"
EndProject
Project("{FAE04EC0-301F-11D3-BF4B-00C04F79EFBC}") = "Assembly-CSharp", "Assembly-CSharp.csproj", "{A21C5563-0985-9B36-E4C6-1050F1F2CE35}"
EndProject
Project("{FAE04EC0-301F-11D3-BF4B-00C04F79EFBC}") = "Assembly-CSharp-Editor-firstpass", "Assembly-CSharp-Editor-firstpass.csproj", "{0FB010B5-CD2A-E0AD-E2A8-16E8504BECBC}"
EndProject
Global
	GlobalSection(SolutionConfigurationPlatforms) = preSolution
		Debug|Any CPU = Debug|Any CPU
		Release|Any CPU = Release|Any CPU
	EndGlobalSection
	GlobalSection(ProjectConfigurationPlatforms) = postSolution
		{3CC84461-A746-F2CC-0EE6-E9C6553ECF28}.Debug|Any CPU.ActiveCfg = Debug|Any CPU
		{3CC84461-A746-F2CC-0EE6-E9C6553ECF28}.Debug|Any CPU.Build.0 = Debug|Any CPU
		{3CC84461-A746-F2CC-0EE6-E9C6553ECF28}.Release|Any CPU.ActiveCfg = Release|Any CPU
		{3CC84461-A746-F2CC-0EE6-E9C6553ECF28}.Release|Any CPU.Build.0 = Release|Any CPU
		{42BF933E-87C4-45CD-1793-F56C99D9506F}.Debug|Any CPU.ActiveCfg = Debug|Any CPU
		{42BF933E-87C4-45CD-1793-F56C99D9506F}.Debug|Any CPU.Build.0 = Debug|Any CPU
		{42BF933E-87C4-45CD-1793-F56C99D9506F}.Release|Any CPU.ActiveCfg = Release|Any CPU
		{42BF933E-87C4-45CD-1793-F56C99D9506F}.Release|Any CPU.Build.0 = Release|Any CPU
		{A21C5563-0985-9B36-E4C6-1050F1F2CE35}.Debug|Any CPU.ActiveCfg = Debug|Any CPU
		{A21C5563-0985-9B36-E4C6-1050F1F2CE35}.Debug|Any CPU.Build.0 = Debug|Any CPU
		{A21C5563-0985-9B36-E4C6-1050F1F2CE35}.Release|Any CPU.ActiveCfg = Release|Any CPU
		{A21C5563-0985-9B36-E4C6-1050F1F2CE35}.Release|Any CPU.Build.0 = Release|Any CPU
		{0FB010B5-CD2A-E0AD-E2A8-16E8504BECBC}.Debug|Any CPU.ActiveCfg = Debug|Any CPU
		{0FB010B5-CD2A-E0AD-E2A8-16E8504BECBC}.Debug|Any CPU.Build.0 = Debug|Any CPU
		{0FB010B5-CD2A-E0AD-E2A8-16E8504BECBC}.Release|Any CPU.ActiveCfg = Release|Any CPU
		{0FB010B5-CD2A-E0AD-E2A8-16E8504BECBC}.Release|Any CPU.Build.0 = Release|Any CPU
	EndGlobalSection
	GlobalSection(SolutionProperties) = preSolution
		HideSolutionNode = FALSE
	EndGlobalSection
EndGlobal
